
Microsoft Visual Studio Solution File, Format Version 12.00
# Visual Studio Version 17
VisualStudioVersion = 17.2.32602.215
MinimumVisualStudioVersion = 10.0.40219.1
Project("{FAE04EC0-301F-11D3-BF4B-00C04F79EFBC}") = "WebAPIDemo1", "WebAPIDemo1\WebAPIDemo1.csproj", "{16F46462-7E5A-44F1-BA85-8A75DB29E3B6}"
EndProject
Global
	GlobalSection(SolutionConfigurationPlatforms) = preSolution
		Debug|Any CPU = Debug|Any CPU
		Release|Any CPU = Release|Any CPU
	EndGlobalSection
	GlobalSection(ProjectConfigurationPlatforms) = postSolution
		{16F46462-7E5A-44F1-BA85-8A75DB29E3B6}.Debug|Any CPU.ActiveCfg = Debug|Any CPU
		{16F46462-7E5A-44F1-BA85-8A75DB29E3B6}.Debug|Any CPU.Build.0 = Debug|Any CPU
		{16F46462-7E5A-44F1-BA85-8A75DB29E3B6}.Release|Any CPU.ActiveCfg = Release|Any CPU
		{16F46462-7E5A-44F1-BA85-8A75DB29E3B6}.Release|Any CPU.Build.0 = Release|Any CPU
	EndGlobalSection
	GlobalSection(SolutionProperties) = preSolution
		HideSolutionNode = FALSE
	EndGlobalSection
	GlobalSection(ExtensibilityGlobals) = postSolution
		SolutionGuid = {E99550ED-C48A-4CD7-BB4B-0867A647135E}
	EndGlobalSection
EndGlobal
