
Microsoft Visual Studio Solution File, Format Version 12.00
# Visual Studio Version 17
VisualStudioVersion = 17.2.32602.215
MinimumVisualStudioVersion = 10.0.40219.1
Project("{9A19103F-16F7-4668-BE54-9A1E7A4F7556}") = "MVCDEMO", "MVCDEMO\MVCDEMO.csproj", "{389F4DDA-2E8B-41C0-95CD-74179BB4F242}"
EndProject
Global
	GlobalSection(SolutionConfigurationPlatforms) = preSolution
		Debug|Any CPU = Debug|Any CPU
		Release|Any CPU = Release|Any CPU
	EndGlobalSection
	GlobalSection(ProjectConfigurationPlatforms) = postSolution
		{389F4DDA-2E8B-41C0-95CD-74179BB4F242}.Debug|Any CPU.ActiveCfg = Debug|Any CPU
		{389F4DDA-2E8B-41C0-95CD-74179BB4F242}.Debug|Any CPU.Build.0 = Debug|Any CPU
		{389F4DDA-2E8B-41C0-95CD-74179BB4F242}.Release|Any CPU.ActiveCfg = Release|Any CPU
		{389F4DDA-2E8B-41C0-95CD-74179BB4F242}.Release|Any CPU.Build.0 = Release|Any CPU
	EndGlobalSection
	GlobalSection(SolutionProperties) = preSolution
		HideSolutionNode = FALSE
	EndGlobalSection
	GlobalSection(ExtensibilityGlobals) = postSolution
		SolutionGuid = {ADA90249-D3AE-491C-ABC8-0A4D7B154112}
	EndGlobalSection
EndGlobal
